
Microsoft Visual Studio Solution File, Format Version 12.00
# Visual Studio 15
VisualStudioVersion = 15.0.26730.16
MinimumVisualStudioVersion = 10.0.40219.1
Project("{FAE04EC0-301F-11D3-BF4B-00C04F79EFBC}") = "NameCost.UI", "NameCost.UI\NameCost.UI.csproj", "{7FA1EE8B-EBA9-4403-BF16-EB549EC1562F}"
EndProject
Project("{FAE04EC0-301F-11D3-BF4B-00C04F79EFBC}") = "NameCost.WebAPI", "NameCost.WebAPI\NameCost.WebAPI.csproj", "{2D770EFF-F92B-4342-9377-A72ABAB1B1E4}"
EndProject
Project("{FAE04EC0-301F-11D3-BF4B-00C04F79EFBC}") = "NameCost.WebAPI.Tests", "NameCost.WebAPI.Tests\NameCost.WebAPI.Tests.csproj", "{93DAF991-BD19-4468-8683-6148BEB8AF70}"
EndProject
Project("{FAE04EC0-301F-11D3-BF4B-00C04F79EFBC}") = "NameCost.Logic", "NameCost.Logic\NameCost.Logic.csproj", "{99EBE016-1112-4CA4-A71B-93CFBE0A3435}"
EndProject
Project("{FAE04EC0-301F-11D3-BF4B-00C04F79EFBC}") = "NameCost.Core", "NameCost.Core\NameCost.Core.csproj", "{1C328D4F-444E-4C8A-9045-87CDAB0E6EE3}"
EndProject
Project("{FAE04EC0-301F-11D3-BF4B-00C04F79EFBC}") = "NameCost.Logic.Tests", "NameCost.Logic.Tests\NameCost.Logic.Tests.csproj", "{908500BC-0A98-4121-B250-12D00201A265}"
EndProject
Project("{2150E333-8FDC-42A3-9474-1A3956D46DE8}") = "NameCost.Tests", "NameCost.Tests", "{1BE10E22-9456-4423-80D6-2E2284D69D5C}"
EndProject
Project("{2150E333-8FDC-42A3-9474-1A3956D46DE8}") = "NameCost", "NameCost", "{106F1281-DC86-4617-BD54-E87DCE624DBB}"
EndProject
Project("{FAE04EC0-301F-11D3-BF4B-00C04F79EFBC}") = "NameCost.UI.Tests", "NameCost.UITests\NameCost.UI.Tests.csproj", "{800665BB-0243-457D-AB2B-E4F079E088B1}"
EndProject
Global
	GlobalSection(SolutionConfigurationPlatforms) = preSolution
		Debug|Any CPU = Debug|Any CPU
		Release|Any CPU = Release|Any CPU
	EndGlobalSection
	GlobalSection(ProjectConfigurationPlatforms) = postSolution
		{7FA1EE8B-EBA9-4403-BF16-EB549EC1562F}.Debug|Any CPU.ActiveCfg = Debug|Any CPU
		{7FA1EE8B-EBA9-4403-BF16-EB549EC1562F}.Debug|Any CPU.Build.0 = Debug|Any CPU
		{7FA1EE8B-EBA9-4403-BF16-EB549EC1562F}.Release|Any CPU.ActiveCfg = Release|Any CPU
		{7FA1EE8B-EBA9-4403-BF16-EB549EC1562F}.Release|Any CPU.Build.0 = Release|Any CPU
		{2D770EFF-F92B-4342-9377-A72ABAB1B1E4}.Debug|Any CPU.ActiveCfg = Debug|Any CPU
		{2D770EFF-F92B-4342-9377-A72ABAB1B1E4}.Debug|Any CPU.Build.0 = Debug|Any CPU
		{2D770EFF-F92B-4342-9377-A72ABAB1B1E4}.Release|Any CPU.ActiveCfg = Release|Any CPU
		{2D770EFF-F92B-4342-9377-A72ABAB1B1E4}.Release|Any CPU.Build.0 = Release|Any CPU
		{93DAF991-BD19-4468-8683-6148BEB8AF70}.Debug|Any CPU.ActiveCfg = Debug|Any CPU
		{93DAF991-BD19-4468-8683-6148BEB8AF70}.Debug|Any CPU.Build.0 = Debug|Any CPU
		{93DAF991-BD19-4468-8683-6148BEB8AF70}.Release|Any CPU.ActiveCfg = Release|Any CPU
		{93DAF991-BD19-4468-8683-6148BEB8AF70}.Release|Any CPU.Build.0 = Release|Any CPU
		{99EBE016-1112-4CA4-A71B-93CFBE0A3435}.Debug|Any CPU.ActiveCfg = Debug|Any CPU
		{99EBE016-1112-4CA4-A71B-93CFBE0A3435}.Debug|Any CPU.Build.0 = Debug|Any CPU
		{99EBE016-1112-4CA4-A71B-93CFBE0A3435}.Release|Any CPU.ActiveCfg = Release|Any CPU
		{99EBE016-1112-4CA4-A71B-93CFBE0A3435}.Release|Any CPU.Build.0 = Release|Any CPU
		{1C328D4F-444E-4C8A-9045-87CDAB0E6EE3}.Debug|Any CPU.ActiveCfg = Debug|Any CPU
		{1C328D4F-444E-4C8A-9045-87CDAB0E6EE3}.Debug|Any CPU.Build.0 = Debug|Any CPU
		{1C328D4F-444E-4C8A-9045-87CDAB0E6EE3}.Release|Any CPU.ActiveCfg = Release|Any CPU
		{1C328D4F-444E-4C8A-9045-87CDAB0E6EE3}.Release|Any CPU.Build.0 = Release|Any CPU
		{908500BC-0A98-4121-B250-12D00201A265}.Debug|Any CPU.ActiveCfg = Debug|Any CPU
		{908500BC-0A98-4121-B250-12D00201A265}.Debug|Any CPU.Build.0 = Debug|Any CPU
		{908500BC-0A98-4121-B250-12D00201A265}.Release|Any CPU.ActiveCfg = Release|Any CPU
		{908500BC-0A98-4121-B250-12D00201A265}.Release|Any CPU.Build.0 = Release|Any CPU
		{800665BB-0243-457D-AB2B-E4F079E088B1}.Debug|Any CPU.ActiveCfg = Debug|Any CPU
		{800665BB-0243-457D-AB2B-E4F079E088B1}.Debug|Any CPU.Build.0 = Debug|Any CPU
		{800665BB-0243-457D-AB2B-E4F079E088B1}.Release|Any CPU.ActiveCfg = Release|Any CPU
		{800665BB-0243-457D-AB2B-E4F079E088B1}.Release|Any CPU.Build.0 = Release|Any CPU
	EndGlobalSection
	GlobalSection(SolutionProperties) = preSolution
		HideSolutionNode = FALSE
	EndGlobalSection
	GlobalSection(NestedProjects) = preSolution
		{7FA1EE8B-EBA9-4403-BF16-EB549EC1562F} = {106F1281-DC86-4617-BD54-E87DCE624DBB}
		{2D770EFF-F92B-4342-9377-A72ABAB1B1E4} = {106F1281-DC86-4617-BD54-E87DCE624DBB}
		{93DAF991-BD19-4468-8683-6148BEB8AF70} = {1BE10E22-9456-4423-80D6-2E2284D69D5C}
		{99EBE016-1112-4CA4-A71B-93CFBE0A3435} = {106F1281-DC86-4617-BD54-E87DCE624DBB}
		{1C328D4F-444E-4C8A-9045-87CDAB0E6EE3} = {106F1281-DC86-4617-BD54-E87DCE624DBB}
		{908500BC-0A98-4121-B250-12D00201A265} = {1BE10E22-9456-4423-80D6-2E2284D69D5C}
		{800665BB-0243-457D-AB2B-E4F079E088B1} = {1BE10E22-9456-4423-80D6-2E2284D69D5C}
	EndGlobalSection
	GlobalSection(ExtensibilityGlobals) = postSolution
		SolutionGuid = {3302ACD7-B29A-45BB-A1DE-E6B0C1A61E2E}
	EndGlobalSection
EndGlobal
